<?xml version="1.0" encoding="utf-8"?>
<Project ToolsVersion="4.0" xmlns="http://schemas.microsoft.com/developer/msbuild/2003">
  <ItemGroup>
    <Filter Include="Source Files">
      <UniqueIdentifier>{4FC737F1-C7A5-4376-A066-2A32D752A2FF}</UniqueIdentifier>
      <Extensions>cpp;c;cc;cxx;def;odl;idl;hpj;bat;asm;asmx</Extensions>
    </Filter>
    <Filter Include="Header Files">
      <UniqueIdentifier>{93995380-89BD-4b04-88EB-625FBE52EBFB}</UniqueIdentifier>
      <Extensions>h;hh;hpp;hxx;hm;inl;inc;xsd</Extensions>
    </Filter>
    <Filter Include="Header Files\Graphics">
      <UniqueIdentifier>{e30e76c6-0dde-4d39-a54d-76f25384107f}</UniqueIdentifier>
    </Filter>
    <Filter Include="Source Files\Graphics">
      <UniqueIdentifier>{3f862874-7dda-43e8-83a3-7f14f6577c43}</UniqueIdentifier>
    </Filter>
    <Filter Include="Header Files\Input">
      <UniqueIdentifier>{4a5cd680-3f1d-4a38-82d6-f8a287577545}</UniqueIdentifier>
    </Filter>
    <Filter Include="Source Files\Input">
      <UniqueIdentifier>{568ab5d9-f1f5-44f4-b6f6-15a13a2c4e14}</UniqueIdentifier>
    </Filter>
    <Filter Include="Header Files\Utilities">
      <UniqueIdentifier>{ddb1fd72-2759-49c5-9b7b-460050614843}</UniqueIdentifier>
    </Filter>
    <Filter Include="Header Files\Maths">
      <UniqueIdentifier>{70adc5d9-4c41-4bc6-9941-8578470bd77b}</UniqueIdentifier>
    </Filter>
    <Filter Include="Source Files\Maths">
      <UniqueIdentifier>{7c0051b2-9638-43cd-a181-eb2d42079baf}</UniqueIdentifier>
    </Filter>
    <Filter Include="Header Files\Audio">
      <UniqueIdentifier>{2b45acd4-1e23-4a00-8d3d-598abf2cc37d}</UniqueIdentifier>
    </Filter>
    <Filter Include="Source Files\Audio">
      <UniqueIdentifier>{6648a748-44ff-4b22-94f3-48845ea9d1a5}</UniqueIdentifier>
    </Filter>
    <Filter Include="Header Files\Graphics\Buffers">
      <UniqueIdentifier>{31cb5eac-64a2-4a98-a6be-77b59ab57a9a}</UniqueIdentifier>
    </Filter>
    <Filter Include="Source Files\Graphics\Buffers">
      <UniqueIdentifier>{1ef01b65-56a3-4b05-b855-c3dced55c165}</UniqueIdentifier>
    </Filter>
    <Filter Include="Header Files\Graphics\Renderers">
      <UniqueIdentifier>{15c4383c-456e-4ed8-a984-2444e07290d4}</UniqueIdentifier>
    </Filter>
    <Filter Include="Source Files\Graphics\Renderers">
      <UniqueIdentifier>{2343269d-18c0-4e3f-8f6a-b827b4d5f1e0}</UniqueIdentifier>
    </Filter>
    <Filter Include="Header Files\Graphics\UI">
      <UniqueIdentifier>{4a9f6983-9ae6-4dca-9904-11b70caac62f}</UniqueIdentifier>
    </Filter>
    <Filter Include="Source Files\Graphics\UI">
      <UniqueIdentifier>{5ea79a86-dde9-4d62-a037-a487fbb7239a}</UniqueIdentifier>
    </Filter>
  </ItemGroup>
  <ItemGroup>
    <ClInclude Include="Maths\Vector3.h">
      <Filter>Header Files\Maths</Filter>
    </ClInclude>
    <ClInclude Include="Maths\Vector4.h">
      <Filter>Header Files\Maths</Filter>
    </ClInclude>
    <ClInclude Include="Maths\Vector2.h">
      <Filter>Header Files\Maths</Filter>
    </ClInclude>
    <ClInclude Include="Maths\Matrix4.h">
      <Filter>Header Files\Maths</Filter>
    </ClInclude>
    <ClInclude Include="Graphics\Window.h">
      <Filter>Header Files\Graphics</Filter>
    </ClInclude>
    <ClInclude Include="Graphics\Shader.h">
      <Filter>Header Files\Graphics</Filter>
    </ClInclude>
    <ClInclude Include="Utilities\FileUtilities.h">
      <Filter>Header Files\Utilities</Filter>
    </ClInclude>
    <ClInclude Include="Maths\Maths.h">
      <Filter>Header Files\Maths</Filter>
    </ClInclude>
    <ClInclude Include="Graphics\Mesh.h">
      <Filter>Header Files\Graphics</Filter>
    </ClInclude>
    <ClInclude Include="Audio\AudioEngine.h">
      <Filter>Header Files\Audio</Filter>
    </ClInclude>
    <ClInclude Include="Graphics\RenderableObject.h">
      <Filter>Header Files\Graphics</Filter>
    </ClInclude>
    <ClInclude Include="Graphics\Camera.h">
      <Filter>Header Files\Graphics</Filter>
    </ClInclude>
    <ClInclude Include="Graphics\Buffers\IndexBuffer.h">
      <Filter>Header Files\Graphics\Buffers</Filter>
    </ClInclude>
    <ClInclude Include="Graphics\Buffers\VertexArray.h">
      <Filter>Header Files\Graphics\Buffers</Filter>
    </ClInclude>
    <ClInclude Include="Graphics\Buffers\VertexBuffer.h">
      <Filter>Header Files\Graphics\Buffers</Filter>
    </ClInclude>
    <ClInclude Include="Graphics\Buffers\BufferStructure.h">
      <Filter>Header Files\Graphics\Buffers</Filter>
    </ClInclude>
    <ClInclude Include="Graphics\Renderers\BatchRenderer.h">
      <Filter>Header Files\Graphics\Renderers</Filter>
    </ClInclude>
    <ClInclude Include="Graphics\Renderers\Renderer.h">
      <Filter>Header Files\Graphics\Renderers</Filter>
    </ClInclude>
    <ClInclude Include="Graphics\Renderers\SerialRenderer.h">
      <Filter>Header Files\Graphics\Renderers</Filter>
    </ClInclude>
    <ClInclude Include="Graphics\Font.h">
      <Filter>Header Files\Graphics</Filter>
    </ClInclude>
    <ClInclude Include="Graphics\UI\UIText.h">
      <Filter>Header Files\Graphics\UI</Filter>
    </ClInclude>
    <ClInclude Include="Graphics\UI\UIObject.h">
      <Filter>Header Files\Graphics\UI</Filter>
    </ClInclude>
    <ClInclude Include="Graphics\UI\UIImage.h">
      <Filter>Header Files\Graphics\UI</Filter>
    </ClInclude>
  </ItemGroup>
  <ItemGroup>
    <ClCompile Include="Main.cpp">
      <Filter>Source Files</Filter>
    </ClCompile>
    <ClCompile Include="Maths\Vector2.cpp">
      <Filter>Source Files\Maths</Filter>
    </ClCompile>
    <ClCompile Include="Graphics\Shader.cpp">
      <Filter>Source Files\Graphics</Filter>
    </ClCompile>
    <ClCompile Include="Graphics\Window.cpp">
      <Filter>Source Files\Graphics</Filter>
    </ClCompile>
    <ClCompile Include="Maths\Vector3.cpp">
      <Filter>Source Files\Maths</Filter>
    </ClCompile>
    <ClCompile Include="Maths\Vector4.cpp">
      <Filter>Source Files\Maths</Filter>
    </ClCompile>
    <ClCompile Include="Maths\Matrix4.cpp">
      <Filter>Source Files\Maths</Filter>
    </ClCompile>
    <ClCompile Include="Graphics\Mesh.cpp">
      <Filter>Source Files\Graphics</Filter>
    </ClCompile>
    <ClCompile Include="Graphics\Camera.cpp">
      <Filter>Source Files\Graphics</Filter>
    </ClCompile>
    <ClCompile Include="Graphics\RenderableObject.cpp">
      <Filter>Source Files\Graphics</Filter>
    </ClCompile>
    <ClCompile Include="Graphics\Buffers\IndexBuffer.cpp">
      <Filter>Source Files\Graphics\Buffers</Filter>
    </ClCompile>
    <ClCompile Include="Graphics\Buffers\VertexArray.cpp">
      <Filter>Source Files\Graphics\Buffers</Filter>
    </ClCompile>
    <ClCompile Include="Graphics\Buffers\VertexBuffer.cpp">
      <Filter>Source Files\Graphics\Buffers</Filter>
    </ClCompile>
    <ClCompile Include="Graphics\Buffers\BufferStructure.cpp">
      <Filter>Source Files\Graphics\Buffers</Filter>
    </ClCompile>
    <ClCompile Include="Graphics\Renderers\BatchRenderer.cpp">
      <Filter>Source Files\Graphics\Renderers</Filter>
    </ClCompile>
    <ClCompile Include="Graphics\Renderers\SerialRenderer.cpp">
      <Filter>Source Files\Graphics\Renderers</Filter>
    </ClCompile>
    <ClCompile Include="Graphics\Font.cpp">
      <Filter>Source Files\Graphics</Filter>
    </ClCompile>
    <ClCompile Include="Graphics\UI\UIText.cpp">
      <Filter>Source Files\Graphics\UI</Filter>
    </ClCompile>
  </ItemGroup>
</Project>