<?xml version="1.0" encoding="utf-8"?>
<Project ToolsVersion="4.0" xmlns="http://schemas.microsoft.com/developer/msbuild/2003">
  <ItemGroup>
    <Filter Include="Source Files">
      <UniqueIdentifier>{4FC737F1-C7A5-4376-A066-2A32D752A2FF}</UniqueIdentifier>
      <Extensions>cpp;c;cc;cxx;def;odl;idl;hpj;bat;asm;asmx</Extensions>
    </Filter>
    <Filter Include="Header Files">
      <UniqueIdentifier>{93995380-89BD-4b04-88EB-625FBE52EBFB}</UniqueIdentifier>
      <Extensions>h;hh;hpp;hxx;hm;inl;inc;xsd</Extensions>
    </Filter>
    <Filter Include="Header Files\Graphics">
      <UniqueIdentifier>{e30e76c6-0dde-4d39-a54d-76f25384107f}</UniqueIdentifier>
    </Filter>
    <Filter Include="Source Files\Graphics">
      <UniqueIdentifier>{3f862874-7dda-43e8-83a3-7f14f6577c43}</UniqueIdentifier>
    </Filter>
    <Filter Include="Header Files\Input">
      <UniqueIdentifier>{4a5cd680-3f1d-4a38-82d6-f8a287577545}</UniqueIdentifier>
    </Filter>
    <Filter Include="Source Files\Input">
      <UniqueIdentifier>{568ab5d9-f1f5-44f4-b6f6-15a13a2c4e14}</UniqueIdentifier>
    </Filter>
    <Filter Include="Header Files\Utilities">
      <UniqueIdentifier>{ddb1fd72-2759-49c5-9b7b-460050614843}</UniqueIdentifier>
    </Filter>
    <Filter Include="Header Files\Maths">
      <UniqueIdentifier>{70adc5d9-4c41-4bc6-9941-8578470bd77b}</UniqueIdentifier>
    </Filter>
    <Filter Include="Source Files\Maths">
      <UniqueIdentifier>{7c0051b2-9638-43cd-a181-eb2d42079baf}</UniqueIdentifier>
    </Filter>
    <Filter Include="Header Files\Audio">
      <UniqueIdentifier>{2b45acd4-1e23-4a00-8d3d-598abf2cc37d}</UniqueIdentifier>
    </Filter>
    <Filter Include="Source Files\Audio">
      <UniqueIdentifier>{6648a748-44ff-4b22-94f3-48845ea9d1a5}</UniqueIdentifier>
    </Filter>
    <Filter Include="Header Files\Graphics\Buffers">
      <UniqueIdentifier>{31cb5eac-64a2-4a98-a6be-77b59ab57a9a}</UniqueIdentifier>
    </Filter>
    <Filter Include="Source Files\Graphics\Buffers">
      <UniqueIdentifier>{1ef01b65-56a3-4b05-b855-c3dced55c165}</UniqueIdentifier>
    </Filter>
    <Filter Include="Header Files\Graphics\Renderers">
      <UniqueIdentifier>{15c4383c-456e-4ed8-a984-2444e07290d4}</UniqueIdentifier>
    </Filter>
    <Filter Include="Source Files\Graphics\Renderers">
      <UniqueIdentifier>{2343269d-18c0-4e3f-8f6a-b827b4d5f1e0}</UniqueIdentifier>
    </Filter>
    <Filter Include="Header Files\Graphics\UI">
      <UniqueIdentifier>{4a9f6983-9ae6-4dca-9904-11b70caac62f}</UniqueIdentifier>
    </Filter>
    <Filter Include="Source Files\Graphics\UI">
      <UniqueIdentifier>{5ea79a86-dde9-4d62-a037-a487fbb7239a}</UniqueIdentifier>
    </Filter>
    <Filter Include="Header Files\DebugTools">
      <UniqueIdentifier>{8248a912-202f-4627-8688-f87c4bbcc374}</UniqueIdentifier>
    </Filter>
    <Filter Include="Source Files\Utilities">
      <UniqueIdentifier>{b7667a71-a790-4699-ad17-7e3ca5c028ea}</UniqueIdentifier>
    </Filter>
    <Filter Include="Source Files\Utilities\DebugTools">
      <UniqueIdentifier>{c71e891e-dee7-4792-857c-0a414c1c6b8a}</UniqueIdentifier>
    </Filter>
    <Filter Include="Header Files\Utilities\DebugTools">
      <UniqueIdentifier>{4d2e53f9-873f-41e7-a1af-7ebdda458d2a}</UniqueIdentifier>
    </Filter>
    <Filter Include="Header Files\Graphics\PostProcessing">
      <UniqueIdentifier>{098b14ad-a851-4791-a4d0-0ca02aa6100b}</UniqueIdentifier>
    </Filter>
    <Filter Include="Header Files\Graphics\PostProcessing\Distortion">
      <UniqueIdentifier>{b97fbe47-a4ca-41f2-928c-b24a09e31322}</UniqueIdentifier>
    </Filter>
    <Filter Include="Header Files\Graphics\PostProcessing\Filters">
      <UniqueIdentifier>{424f744c-3de0-41b0-a315-ffffd7776cef}</UniqueIdentifier>
    </Filter>
    <Filter Include="Source Files\Graphics\PostProcessing">
      <UniqueIdentifier>{029af030-a6b0-496c-ab7b-90b2bd93df11}</UniqueIdentifier>
    </Filter>
    <Filter Include="Source Files\Graphics\PostProcessing\Filters">
      <UniqueIdentifier>{1b78b098-9d4a-44e9-b44b-d2fc8f3360d3}</UniqueIdentifier>
    </Filter>
    <Filter Include="Source Files\Graphics\PostProcessing\Lighting">
      <UniqueIdentifier>{ac0622a0-b5bb-484a-83bb-1fb728313678}</UniqueIdentifier>
    </Filter>
    <Filter Include="Source Files\Graphics\PostProcessing\Distortion">
      <UniqueIdentifier>{48bba217-fb6d-4a5a-bba0-27e96c014379}</UniqueIdentifier>
    </Filter>
    <Filter Include="Source Files\Networking">
      <UniqueIdentifier>{d670f74d-27a9-4a00-a617-f385bc77d22e}</UniqueIdentifier>
    </Filter>
    <Filter Include="Source Files\Networking\Centralised">
      <UniqueIdentifier>{3ee5798e-f175-4265-bb5b-e04ad4be1d60}</UniqueIdentifier>
    </Filter>
    <Filter Include="Source Files\Networking\Decentralised">
      <UniqueIdentifier>{5101604c-fd09-4768-8e42-8cb252d595c6}</UniqueIdentifier>
    </Filter>
    <Filter Include="Header Files\Networking">
      <UniqueIdentifier>{990af950-ff6b-4f13-afcb-cd88f53bf0fe}</UniqueIdentifier>
    </Filter>
    <Filter Include="Header Files\Networking\Centralised">
      <UniqueIdentifier>{6e6ca250-6a76-4e03-b1f7-60b325026a71}</UniqueIdentifier>
    </Filter>
    <Filter Include="Header Files\Networking\Decentralised">
      <UniqueIdentifier>{71c338ff-0f14-423f-a7a3-f6c942353d8b}</UniqueIdentifier>
    </Filter>
    <Filter Include="Header Files\Graphics\PostProcessing\Lighting">
      <UniqueIdentifier>{26e6e5d9-d47e-4592-b9e9-652ec13b177d}</UniqueIdentifier>
    </Filter>
    <Filter Include="Header Files\Physics">
      <UniqueIdentifier>{b7a09940-665c-4527-ae51-1a4ca979e585}</UniqueIdentifier>
    </Filter>
    <Filter Include="Source Files\Physics">
      <UniqueIdentifier>{c1f6bd20-2b3c-449f-be4f-e1b67dc8a3ea}</UniqueIdentifier>
    </Filter>
  </ItemGroup>
  <ItemGroup>
    <ClInclude Include="src\Maths\Vector3.h">
      <Filter>Header Files\Maths</Filter>
    </ClInclude>
    <ClInclude Include="src\Maths\Vector4.h">
      <Filter>Header Files\Maths</Filter>
    </ClInclude>
    <ClInclude Include="src\Maths\Vector2.h">
      <Filter>Header Files\Maths</Filter>
    </ClInclude>
    <ClInclude Include="src\Maths\Matrix4.h">
      <Filter>Header Files\Maths</Filter>
    </ClInclude>
    <ClInclude Include="src\Graphics\Window.h">
      <Filter>Header Files\Graphics</Filter>
    </ClInclude>
    <ClInclude Include="src\Utilities\FileUtilities.h">
      <Filter>Header Files\Utilities</Filter>
    </ClInclude>
    <ClInclude Include="src\Maths\Maths.h">
      <Filter>Header Files\Maths</Filter>
    </ClInclude>
    <ClInclude Include="src\Graphics\Mesh.h">
      <Filter>Header Files\Graphics</Filter>
    </ClInclude>
    <ClInclude Include="src\Audio\AudioEngine.h">
      <Filter>Header Files\Audio</Filter>
    </ClInclude>
    <ClInclude Include="src\Graphics\RenderableObject.h">
      <Filter>Header Files\Graphics</Filter>
    </ClInclude>
    <ClInclude Include="src\Graphics\Camera.h">
      <Filter>Header Files\Graphics</Filter>
    </ClInclude>
    <ClInclude Include="src\Graphics\Buffers\IndexBuffer.h">
      <Filter>Header Files\Graphics\Buffers</Filter>
    </ClInclude>
    <ClInclude Include="src\Graphics\Buffers\VertexArray.h">
      <Filter>Header Files\Graphics\Buffers</Filter>
    </ClInclude>
    <ClInclude Include="src\Graphics\Buffers\VertexBuffer.h">
      <Filter>Header Files\Graphics\Buffers</Filter>
    </ClInclude>
    <ClInclude Include="src\Graphics\Buffers\BufferStructure.h">
      <Filter>Header Files\Graphics\Buffers</Filter>
    </ClInclude>
    <ClInclude Include="src\Graphics\Renderers\BatchRenderer.h">
      <Filter>Header Files\Graphics\Renderers</Filter>
    </ClInclude>
    <ClInclude Include="src\Graphics\Renderers\Renderer.h">
      <Filter>Header Files\Graphics\Renderers</Filter>
    </ClInclude>
    <ClInclude Include="src\Graphics\Renderers\SerialRenderer.h">
      <Filter>Header Files\Graphics\Renderers</Filter>
    </ClInclude>
    <ClInclude Include="src\Graphics\Font.h">
      <Filter>Header Files\Graphics</Filter>
    </ClInclude>
    <ClInclude Include="src\Graphics\UI\UIText.h">
      <Filter>Header Files\Graphics\UI</Filter>
    </ClInclude>
    <ClInclude Include="src\Graphics\UI\UIObject.h">
      <Filter>Header Files\Graphics\UI</Filter>
    </ClInclude>
    <ClInclude Include="src\Graphics\UI\UIImage.h">
      <Filter>Header Files\Graphics\UI</Filter>
    </ClInclude>
    <ClInclude Include="src\DebugTools\ReferenceGrid.h">
      <Filter>Header Files\DebugTools</Filter>
    </ClInclude>
    <ClInclude Include="src\Maths\Quaternion.h">
      <Filter>Header Files\Maths</Filter>
    </ClInclude>
    <ClInclude Include="src\Graphics\Buffers\Buffer.h">
      <Filter>Header Files\Graphics\Buffers</Filter>
    </ClInclude>
    <ClInclude Include="src\Graphics\Buffers\FrameBuffer.h">
      <Filter>Header Files\Graphics\Buffers</Filter>
    </ClInclude>
    <ClInclude Include="src\Graphics\Buffers\RenderBuffer.h">
      <Filter>Header Files\Graphics\Buffers</Filter>
    </ClInclude>
    <ClInclude Include="src\Graphics\Shaders\Shader.h">
      <Filter>Header Files\Graphics</Filter>
    </ClInclude>
    <ClInclude Include="src\Utilities\DebugTools\ReferenceGrid.h">
      <Filter>Header Files\Utilities\DebugTools</Filter>
    </ClInclude>
    <ClInclude Include="src\Graphics\PostProcessing\Lighting\Bloom.h">
      <Filter>Header Files\Graphics\PostProcessing\Lighting</Filter>
    </ClInclude>
    <ClInclude Include="src\Graphics\PostProcessing\Filters\Filter.h">
      <Filter>Header Files\Graphics\PostProcessing\Filters</Filter>
    </ClInclude>
    <ClInclude Include="src\Graphics\PostProcessing\Distortion\GaussianBlur.h">
      <Filter>Header Files\Graphics\PostProcessing\Distortion</Filter>
    </ClInclude>
    <ClInclude Include="src\Graphics\PostProcessing\PostProcessingUnit.h">
      <Filter>Header Files\Graphics\PostProcessing</Filter>
    </ClInclude>
    <ClInclude Include="src\Graphics\PostProcessing\PostProcessor.h">
      <Filter>Header Files\Graphics\PostProcessing</Filter>
    </ClInclude>
    <ClInclude Include="src\Networking\NetworkEntity.h">
      <Filter>Header Files\Networking</Filter>
    </ClInclude>
    <ClInclude Include="src\Networking\Decentralised\Peer.h">
      <Filter>Header Files\Networking\Decentralised</Filter>
    </ClInclude>
    <ClInclude Include="src\Networking\Centralised\Server.h">
      <Filter>Header Files\Networking\Centralised</Filter>
    </ClInclude>
    <ClInclude Include="src\Networking\Centralised\Client.h">
      <Filter>Header Files\Networking\Centralised</Filter>
    </ClInclude>
    <ClInclude Include="src\Graphics\PostProcessing\Filters\Colourise.h">
      <Filter>Header Files\Graphics\PostProcessing\Filters</Filter>
    </ClInclude>
  </ItemGroup>
  <ItemGroup>
    <ClCompile Include="src\Main.cpp">
      <Filter>Source Files</Filter>
    </ClCompile>
    <ClCompile Include="src\Maths\Vector2.cpp">
      <Filter>Source Files\Maths</Filter>
    </ClCompile>
    <ClCompile Include="src\Graphics\Window.cpp">
      <Filter>Source Files\Graphics</Filter>
    </ClCompile>
    <ClCompile Include="src\Maths\Vector3.cpp">
      <Filter>Source Files\Maths</Filter>
    </ClCompile>
    <ClCompile Include="src\Maths\Vector4.cpp">
      <Filter>Source Files\Maths</Filter>
    </ClCompile>
    <ClCompile Include="src\Maths\Matrix4.cpp">
      <Filter>Source Files\Maths</Filter>
    </ClCompile>
    <ClCompile Include="src\Graphics\Mesh.cpp">
      <Filter>Source Files\Graphics</Filter>
    </ClCompile>
    <ClCompile Include="src\Graphics\Camera.cpp">
      <Filter>Source Files\Graphics</Filter>
    </ClCompile>
    <ClCompile Include="src\Graphics\RenderableObject.cpp">
      <Filter>Source Files\Graphics</Filter>
    </ClCompile>
    <ClCompile Include="src\Graphics\Buffers\IndexBuffer.cpp">
      <Filter>Source Files\Graphics\Buffers</Filter>
    </ClCompile>
    <ClCompile Include="src\Graphics\Buffers\VertexArray.cpp">
      <Filter>Source Files\Graphics\Buffers</Filter>
    </ClCompile>
    <ClCompile Include="src\Graphics\Buffers\VertexBuffer.cpp">
      <Filter>Source Files\Graphics\Buffers</Filter>
    </ClCompile>
    <ClCompile Include="src\Graphics\Buffers\BufferStructure.cpp">
      <Filter>Source Files\Graphics\Buffers</Filter>
    </ClCompile>
    <ClCompile Include="src\Graphics\Renderers\BatchRenderer.cpp">
      <Filter>Source Files\Graphics\Renderers</Filter>
    </ClCompile>
    <ClCompile Include="src\Graphics\Renderers\SerialRenderer.cpp">
      <Filter>Source Files\Graphics\Renderers</Filter>
    </ClCompile>
    <ClCompile Include="src\Graphics\Font.cpp">
      <Filter>Source Files\Graphics</Filter>
    </ClCompile>
    <ClCompile Include="src\Graphics\UI\UIText.cpp">
      <Filter>Source Files\Graphics\UI</Filter>
    </ClCompile>
    <ClCompile Include="src\Maths\Quaternion.cpp">
      <Filter>Source Files\Maths</Filter>
    </ClCompile>
    <ClCompile Include="src\Graphics\Buffers\FrameBuffer.cpp">
      <Filter>Source Files\Graphics\Buffers</Filter>
    </ClCompile>
    <ClCompile Include="src\Graphics\Buffers\RenderBuffer.cpp">
      <Filter>Source Files\Graphics\Buffers</Filter>
    </ClCompile>
    <ClCompile Include="src\Graphics\Shaders\Shader.cpp">
      <Filter>Source Files\Graphics</Filter>
    </ClCompile>
    <ClCompile Include="src\Utilities\DebugTools\ReferenceGrid.cpp">
      <Filter>Source Files\Utilities\DebugTools</Filter>
    </ClCompile>
    <ClCompile Include="src\Graphics\PostProcessing\PostProcessor.cpp">
      <Filter>Source Files\Graphics\PostProcessing</Filter>
    </ClCompile>
    <ClCompile Include="src\Graphics\PostProcessing\Lighting\Bloom.cpp">
      <Filter>Source Files\Graphics\PostProcessing\Lighting</Filter>
    </ClCompile>
    <ClCompile Include="src\Graphics\PostProcessing\Filters\Filter.cpp">
      <Filter>Source Files\Graphics\PostProcessing\Filters</Filter>
    </ClCompile>
    <ClCompile Include="src\Graphics\PostProcessing\Distortion\GaussianBlur.cpp">
      <Filter>Source Files\Graphics\PostProcessing\Distortion</Filter>
    </ClCompile>
    <ClCompile Include="src\Networking\Centralised\Server.cpp">
      <Filter>Source Files\Networking\Centralised</Filter>
    </ClCompile>
    <ClCompile Include="src\Networking\Centralised\Client.cpp">
      <Filter>Source Files\Networking\Centralised</Filter>
    </ClCompile>
    <ClCompile Include="src\Graphics\PostProcessing\Filters\Colourise.cpp">
      <Filter>Source Files\Graphics\PostProcessing\Filters</Filter>
    </ClCompile>
  </ItemGroup>
</Project>