<?xml version="1.0" encoding="utf-8"?>
<Project ToolsVersion="4.0" xmlns="http://schemas.microsoft.com/developer/msbuild/2003">
  <ItemGroup>
    <Filter Include="Source Files">
      <UniqueIdentifier>{4FC737F1-C7A5-4376-A066-2A32D752A2FF}</UniqueIdentifier>
      <Extensions>cpp;c;cc;cxx;def;odl;idl;hpj;bat;asm;asmx</Extensions>
    </Filter>
    <Filter Include="Header Files">
      <UniqueIdentifier>{93995380-89BD-4b04-88EB-625FBE52EBFB}</UniqueIdentifier>
      <Extensions>h;hh;hpp;hxx;hm;inl;inc;xsd</Extensions>
    </Filter>
    <Filter Include="Header Files\Graphics">
      <UniqueIdentifier>{e30e76c6-0dde-4d39-a54d-76f25384107f}</UniqueIdentifier>
    </Filter>
    <Filter Include="Source Files\Graphics">
      <UniqueIdentifier>{3f862874-7dda-43e8-83a3-7f14f6577c43}</UniqueIdentifier>
    </Filter>
    <Filter Include="Header Files\Input">
      <UniqueIdentifier>{4a5cd680-3f1d-4a38-82d6-f8a287577545}</UniqueIdentifier>
    </Filter>
    <Filter Include="Source Files\Input">
      <UniqueIdentifier>{568ab5d9-f1f5-44f4-b6f6-15a13a2c4e14}</UniqueIdentifier>
    </Filter>
    <Filter Include="Header Files\Utilities">
      <UniqueIdentifier>{ddb1fd72-2759-49c5-9b7b-460050614843}</UniqueIdentifier>
    </Filter>
    <Filter Include="Header Files\Maths">
      <UniqueIdentifier>{70adc5d9-4c41-4bc6-9941-8578470bd77b}</UniqueIdentifier>
    </Filter>
    <Filter Include="Source Files\Maths">
      <UniqueIdentifier>{7c0051b2-9638-43cd-a181-eb2d42079baf}</UniqueIdentifier>
    </Filter>
    <Filter Include="Source Files\Graphics\Shaders">
      <UniqueIdentifier>{9d46dd9b-786c-4988-8cd7-ee0a31b3b696}</UniqueIdentifier>
    </Filter>
  </ItemGroup>
  <ItemGroup>
    <ClInclude Include="Maths\Vector3.h">
      <Filter>Header Files\Maths</Filter>
    </ClInclude>
    <ClInclude Include="Maths\Vector4.h">
      <Filter>Header Files\Maths</Filter>
    </ClInclude>
    <ClInclude Include="Maths\Vector2.h">
      <Filter>Header Files\Maths</Filter>
    </ClInclude>
    <ClInclude Include="Maths\Matrix4.h">
      <Filter>Header Files\Maths</Filter>
    </ClInclude>
    <ClInclude Include="Graphics\Window.h">
      <Filter>Header Files\Graphics</Filter>
    </ClInclude>
    <ClInclude Include="Graphics\Shader.h">
      <Filter>Header Files\Graphics</Filter>
    </ClInclude>
    <ClInclude Include="Utilities\FileUtilities.h">
      <Filter>Header Files\Utilities</Filter>
    </ClInclude>
    <ClInclude Include="Maths\Maths.h">
      <Filter>Header Files\Maths</Filter>
    </ClInclude>
    <ClInclude Include="Graphics\Mesh.h">
      <Filter>Header Files\Graphics</Filter>
    </ClInclude>
    <ClInclude Include="Graphics\Renderable.h">
      <Filter>Header Files\Graphics</Filter>
    </ClInclude>
    <ClInclude Include="Graphics\Renderer.h">
      <Filter>Header Files\Graphics</Filter>
    </ClInclude>
  </ItemGroup>
  <ItemGroup>
    <ClCompile Include="Main.cpp">
      <Filter>Source Files</Filter>
    </ClCompile>
    <ClCompile Include="Maths\Vector2.cpp">
      <Filter>Source Files\Maths</Filter>
    </ClCompile>
    <ClCompile Include="Graphics\Shader.cpp">
      <Filter>Source Files\Graphics</Filter>
    </ClCompile>
    <ClCompile Include="Graphics\Window.cpp">
      <Filter>Source Files\Graphics</Filter>
    </ClCompile>
    <ClCompile Include="Maths\Vector3.cpp">
      <Filter>Source Files\Maths</Filter>
    </ClCompile>
    <ClCompile Include="Maths\Vector4.cpp">
      <Filter>Source Files\Maths</Filter>
    </ClCompile>
    <ClCompile Include="Maths\Matrix4.cpp">
      <Filter>Source Files\Maths</Filter>
    </ClCompile>
    <ClCompile Include="Graphics\Mesh.cpp">
      <Filter>Source Files\Graphics</Filter>
    </ClCompile>
    <ClCompile Include="Graphics\Renderer.cpp">
      <Filter>Source Files\Graphics</Filter>
    </ClCompile>
  </ItemGroup>
</Project>